// !$*UTF8*$!
{
	archiveVersion = 1;
	classes = {
	};
	objectVersion = 46;
	objects = {

/* Begin PBXBuildFile section */
		80B846AF208BEF5600AD4F74 /* AppDelegate.swift in Sources */ = {isa = PBXBuildFile; fileRef = 80B846AE208BEF5600AD4F74 /* AppDelegate.swift */; };
		80B846B1208BEF5600AD4F74 /* GSPickerViewController.swift in Sources */ = {isa = PBXBuildFile; fileRef = 80B846B0208BEF5600AD4F74 /* GSPickerViewController.swift */; };
		80B846B4208BEF5600AD4F74 /* Main.storyboard in Resources */ = {isa = PBXBuildFile; fileRef = 80B846B2208BEF5600AD4F74 /* Main.storyboard */; };
		80B846B6208BEF5600AD4F74 /* Assets.xcassets in Resources */ = {isa = PBXBuildFile; fileRef = 80B846B5208BEF5600AD4F74 /* Assets.xcassets */; };
		80B846B9208BEF5600AD4F74 /* LaunchScreen.storyboard in Resources */ = {isa = PBXBuildFile; fileRef = 80B846B7208BEF5600AD4F74 /* LaunchScreen.storyboard */; };
		80B846C1208BEFCD00AD4F74 /* GSPickerView.swift in Sources */ = {isa = PBXBuildFile; fileRef = 80B846C0208BEFCD00AD4F74 /* GSPickerView.swift */; };
/* End PBXBuildFile section */

/* Begin PBXFileReference section */
		80B846AB208BEF5600AD4F74 /* GSPickerView.app */ = {isa = PBXFileReference; explicitFileType = wrapper.application; includeInIndex = 0; path = GSPickerView.app; sourceTree = BUILT_PRODUCTS_DIR; };
		80B846AE208BEF5600AD4F74 /* AppDelegate.swift */ = {isa = PBXFileReference; lastKnownFileType = sourcecode.swift; path = AppDelegate.swift; sourceTree = "<group>"; };
		80B846B0208BEF5600AD4F74 /* GSPickerViewController.swift */ = {isa = PBXFileReference; lastKnownFileType = sourcecode.swift; path = GSPickerViewController.swift; sourceTree = "<group>"; };
		80B846B3208BEF5600AD4F74 /* Base */ = {isa = PBXFileReference; lastKnownFileType = file.storyboard; name = Base; path = Base.lproj/Main.storyboard; sourceTree = "<group>"; };
		80B846B5208BEF5600AD4F74 /* Assets.xcassets */ = {isa = PBXFileReference; lastKnownFileType = folder.assetcatalog; path = Assets.xcassets; sourceTree = "<group>"; };
		80B846B8208BEF5600AD4F74 /* Base */ = {isa = PBXFileReference; lastKnownFileType = file.storyboard; name = Base; path = Base.lproj/LaunchScreen.storyboard; sourceTree = "<group>"; };
		80B846BA208BEF5600AD4F74 /* Info.plist */ = {isa = PBXFileReference; lastKnownFileType = text.plist.xml; path = Info.plist; sourceTree = "<group>"; };
		80B846C0208BEFCD00AD4F74 /* GSPickerView.swift */ = {isa = PBXFileReference; fileEncoding = 4; lastKnownFileType = sourcecode.swift; path = GSPickerView.swift; sourceTree = "<group>"; };
/* End PBXFileReference section */

/* Begin PBXFrameworksBuildPhase section */
		80B846A8208BEF5600AD4F74 /* Frameworks */ = {
			isa = PBXFrameworksBuildPhase;
			buildActionMask = 2147483647;
			files = (
			);
			runOnlyForDeploymentPostprocessing = 0;
		};
/* End PBXFrameworksBuildPhase section */

/* Begin PBXGroup section */
		80B846A2208BEF5600AD4F74 = {
			isa = PBXGroup;
			children = (
				80B846AD208BEF5600AD4F74 /* GSPickerView */,
				80B846AC208BEF5600AD4F74 /* Products */,
			);
			sourceTree = "<group>";
		};
		80B846AC208BEF5600AD4F74 /* Products */ = {
			isa = PBXGroup;
			children = (
				80B846AB208BEF5600AD4F74 /* GSPickerView.app */,
			);
			name = Products;
			sourceTree = "<group>";
		};
		80B846AD208BEF5600AD4F74 /* GSPickerView */ = {
			isa = PBXGroup;
			children = (
				80B846AE208BEF5600AD4F74 /* AppDelegate.swift */,
				80B846B0208BEF5600AD4F74 /* GSPickerViewController.swift */,
				80B846C0208BEFCD00AD4F74 /* GSPickerView.swift */,
				80B846B2208BEF5600AD4F74 /* Main.storyboard */,
				80B846B5208BEF5600AD4F74 /* Assets.xcassets */,
				80B846B7208BEF5600AD4F74 /* LaunchScreen.storyboard */,
				80B846BA208BEF5600AD4F74 /* Info.plist */,
			);
			path = GSPickerView;
			sourceTree = "<group>";
		};
/* End PBXGroup section */

/* Begin PBXNativeTarget section */
		80B846AA208BEF5600AD4F74 /* GSPickerView */ = {
			isa = PBXNativeTarget;
			buildConfigurationList = 80B846BD208BEF5600AD4F74 /* Build configuration list for PBXNativeTarget "GSPickerView" */;
			buildPhases = (
				80B846A7208BEF5600AD4F74 /* Sources */,
				80B846A8208BEF5600AD4F74 /* Frameworks */,
				80B846A9208BEF5600AD4F74 /* Resources */,
			);
			buildRules = (
			);
			dependencies = (
			);
			name = GSPickerView;
			productName = GSPickerView;
			productReference = 80B846AB208BEF5600AD4F74 /* GSPickerView.app */;
			productType = "com.apple.product-type.application";
		};
/* End PBXNativeTarget section */

/* Begin PBXProject section */
		80B846A3208BEF5600AD4F74 /* Project object */ = {
			isa = PBXProject;
			attributes = {
				LastSwiftUpdateCheck = 0830;
				LastUpgradeCheck = 0830;
				ORGANIZATIONNAME = Gowrie;
				TargetAttributes = {
					80B846AA208BEF5600AD4F74 = {
						CreatedOnToolsVersion = 8.3.3;
						ProvisioningStyle = Automatic;
					};
				};
			};
			buildConfigurationList = 80B846A6208BEF5600AD4F74 /* Build configuration list for PBXProject "GSPickerView" */;
			compatibilityVersion = "Xcode 3.2";
			developmentRegion = English;
			hasScannedForEncodings = 0;
			knownRegions = (
				en,
				Base,
			);
			mainGroup = 80B846A2208BEF5600AD4F74;
			productRefGroup = 80B846AC208BEF5600AD4F74 /* Products */;
			projectDirPath = "";
			projectRoot = "";
			targets = (
				80B846AA208BEF5600AD4F74 /* GSPickerView */,
			);
		};
/* End PBXProject section */

/* Begin PBXResourcesBuildPhase section */
		80B846A9208BEF5600AD4F74 /* Resources */ = {
			isa = PBXResourcesBuildPhase;
			buildActionMask = 2147483647;
			files = (
				80B846B9208BEF5600AD4F74 /* LaunchScreen.storyboard in Resources */,
				80B846B6208BEF5600AD4F74 /* Assets.xcassets in Resources */,
				80B846B4208BEF5600AD4F74 /* Main.storyboard in Resources */,
			);
			runOnlyForDeploymentPostprocessing = 0;
		};
/* End PBXResourcesBuildPhase section */

/* Begin PBXSourcesBuildPhase section */
		80B846A7208BEF5600AD4F74 /* Sources */ = {
			isa = PBXSourcesBuildPhase;
			buildActionMask = 2147483647;
			files = (
				80B846B1208BEF5600AD4F74 /* GSPickerViewController.swift in Sources */,
				80B846AF208BEF5600AD4F74 /* AppDelegate.swift in Sources */,
				80B846C1208BEFCD00AD4F74 /* GSPickerView.swift in Sources */,
			);
			runOnlyForDeploymentPostprocessing = 0;
		};
/* End PBXSourcesBuildPhase section */

/* Begin PBXVariantGroup section */
		80B846B2208BEF5600AD4F74 /* Main.storyboard */ = {
			isa = PBXVariantGroup;
			children = (
				80B846B3208BEF5600AD4F74 /* Base */,
			);
			name = Main.storyboard;
			sourceTree = "<group>";
		};
		80B846B7208BEF5600AD4F74 /* LaunchScreen.storyboard */ = {
			isa = PBXVariantGroup;
			children = (
				80B846B8208BEF5600AD4F74 /* Base */,
			);
			name = LaunchScreen.storyboard;
			sourceTree = "<group>";
		};
/* End PBXVariantGroup section */

/* Begin XCBuildConfiguration section */
		80B846BB208BEF5600AD4F74 /* Debug */ = {
			isa = XCBuildConfiguration;
			buildSettings = {
				ALWAYS_SEARCH_USER_PATHS = NO;
				CLANG_ANALYZER_NONNULL = YES;
				CLANG_ANALYZER_NUMBER_OBJECT_CONVERSION = YES_AGGRESSIVE;
				CLANG_CXX_LANGUAGE_STANDARD = "gnu++0x";
				CLANG_CXX_LIBRARY = "libc++";
				CLANG_ENABLE_MODULES = YES;
				CLANG_ENABLE_OBJC_ARC = YES;
				CLANG_WARN_BOOL_CONVERSION = YES;
				CLANG_WARN_CONSTANT_CONVERSION = YES;
				CLANG_WARN_DIRECT_OBJC_ISA_USAGE = YES_ERROR;
				CLANG_WARN_DOCUMENTATION_COMMENTS = YES;
				CLANG_WARN_EMPTY_BODY = YES;
				CLANG_WARN_ENUM_CONVERSION = YES;
				CLANG_WARN_INFINITE_RECURSION = YES;
				CLANG_WARN_INT_CONVERSION = YES;
				CLANG_WARN_OBJC_ROOT_CLASS = YES_ERROR;
				CLANG_WARN_SUSPICIOUS_MOVE = YES;
				CLANG_WARN_UNREACHABLE_CODE = YES;
				CLANG_WARN__DUPLICATE_METHOD_MATCH = YES;
				"CODE_SIGN_IDENTITY[sdk=iphoneos*]" = "iPhone Developer";
				COPY_PHASE_STRIP = NO;
				DEBUG_INFORMATION_FORMAT = dwarf;
				ENABLE_STRICT_OBJC_MSGSEND = YES;
				ENABLE_TESTABILITY = YES;
				GCC_C_LANGUAGE_STANDARD = gnu99;
				GCC_DYNAMIC_NO_PIC = NO;
				GCC_NO_COMMON_BLOCKS = YES;
				GCC_OPTIMIZATION_LEVEL = 0;
				GCC_PREPROCESSOR_DEFINITIONS = (
					"DEBUG=1",
					"$(inherited)",
				);
				GCC_WARN_64_TO_32_BIT_CONVERSION = YES;
				GCC_WARN_ABOUT_RETURN_TYPE = YES_ERROR;
				GCC_WARN_UNDECLARED_SELECTOR = YES;
				GCC_WARN_UNINITIALIZED_AUTOS = YES_AGGRESSIVE;
				GCC_WARN_UNUSED_FUNCTION = YES;
				GCC_WARN_UNUSED_VARIABLE = YES;
				IPHONEOS_DEPLOYMENT_TARGET = 10.3;
				MTL_ENABLE_DEBUG_INFO = YES;
				ONLY_ACTIVE_ARCH = YES;
				SDKROOT = iphoneos;
				SWIFT_ACTIVE_COMPILATION_CONDITIONS = DEBUG;
				SWIFT_OPTIMIZATION_LEVEL = "-Onone";
			};
			name = Debug;
		};
		80B846BC208BEF5600AD4F74 /* Release */ = {
			isa = XCBuildConfiguration;
			buildSettings = {
				ALWAYS_SEARCH_USER_PATHS = NO;
				CLANG_ANALYZER_NONNULL = YES;
				CLANG_ANALYZER_NUMBER_OBJECT_CONVERSION = YES_AGGRESSIVE;
				CLANG_CXX_LANGUAGE_STANDARD = "gnu++0x";
				CLANG_CXX_LIBRARY = "libc++";
				CLANG_ENABLE_MODULES = YES;
				CLANG_ENABLE_OBJC_ARC = YES;
				CLANG_WARN_BOOL_CONVERSION = YES;
				CLANG_WARN_CONSTANT_CONVERSION = YES;
				CLANG_WARN_DIRECT_OBJC_ISA_USAGE = YES_ERROR;
				CLANG_WARN_DOCUMENTATION_COMMENTS = YES;
				CLANG_WARN_EMPTY_BODY = YES;
				CLANG_WARN_ENUM_CONVERSION = YES;
				CLANG_WARN_INFINITE_RECURSION = YES;
				CLANG_WARN_INT_CONVERSION = YES;
				CLANG_WARN_OBJC_ROOT_CLASS = YES_ERROR;
				CLANG_WARN_SUSPICIOUS_MOVE = YES;
				CLANG_WARN_UNREACHABLE_CODE = YES;
				CLANG_WARN__DUPLICATE_METHOD_MATCH = YES;
				"CODE_SIGN_IDENTITY[sdk=iphoneos*]" = "iPhone Developer";
				COPY_PHASE_STRIP = NO;
				DEBUG_INFORMATION_FORMAT = "dwarf-with-dsym";
				ENABLE_NS_ASSERTIONS = NO;
				ENABLE_STRICT_OBJC_MSGSEND = YES;
				GCC_C_LANGUAGE_STANDARD = gnu99;
				GCC_NO_COMMON_BLOCKS = YES;
				GCC_WARN_64_TO_32_BIT_CONVERSION = YES;
				GCC_WARN_ABOUT_RETURN_TYPE = YES_ERROR;
				GCC_WARN_UNDECLARED_SELECTOR = YES;
				GCC_WARN_UNINITIALIZED_AUTOS = YES_AGGRESSIVE;
				GCC_WARN_UNUSED_FUNCTION = YES;
				GCC_WARN_UNUSED_VARIABLE = YES;
				IPHONEOS_DEPLOYMENT_TARGET = 10.3;
				MTL_ENABLE_DEBUG_INFO = NO;
				SDKROOT = iphoneos;
				SWIFT_OPTIMIZATION_LEVEL = "-Owholemodule";
				VALIDATE_PRODUCT = YES;
			};
			name = Release;
		};
		80B846BE208BEF5600AD4F74 /* Debug */ = {
			isa = XCBuildConfiguration;
			buildSettings = {
				ASSETCATALOG_COMPILER_APPICON_NAME = AppIcon;
				INFOPLIST_FILE = GSPickerView/Info.plist;
				LD_RUNPATH_SEARCH_PATHS = "$(inherited) @executable_path/Frameworks";
				PRODUCT_BUNDLE_IDENTIFIER = self.GSPickerView;
				PRODUCT_NAME = "$(TARGET_NAME)";
				SWIFT_VERSION = 3.0;
			};
			name = Debug;
		};
		80B846BF208BEF5600AD4F74 /* Release */ = {
			isa = XCBuildConfiguration;
			buildSettings = {
				ASSETCATALOG_COMPILER_APPICON_NAME = AppIcon;
				INFOPLIST_FILE = GSPickerView/Info.plist;
				LD_RUNPATH_SEARCH_PATHS = "$(inherited) @executable_path/Frameworks";
				PRODUCT_BUNDLE_IDENTIFIER = self.GSPickerView;
				PRODUCT_NAME = "$(TARGET_NAME)";
				SWIFT_VERSION = 3.0;
			};
			name = Release;
		};
/* End XCBuildConfiguration section */

/* Begin XCConfigurationList section */
		80B846A6208BEF5600AD4F74 /* Build configuration list for PBXProject "GSPickerView" */ = {
			isa = XCConfigurationList;
			buildConfigurations = (
				80B846BB208BEF5600AD4F74 /* Debug */,
				80B846BC208BEF5600AD4F74 /* Release */,
			);
			defaultConfigurationIsVisible = 0;
			defaultConfigurationName = Release;
		};
		80B846BD208BEF5600AD4F74 /* Build configuration list for PBXNativeTarget "GSPickerView" */ = {
			isa = XCConfigurationList;
			buildConfigurations = (
				80B846BE208BEF5600AD4F74 /* Debug */,
				80B846BF208BEF5600AD4F74 /* Release */,
			);
			defaultConfigurationIsVisible = 0;
		};
/* End XCConfigurationList section */
	};
	rootObject = 80B846A3208BEF5600AD4F74 /* Project object */;
}
